
Microsoft Visual Studio Solution File, Format Version 12.00
# Visual Studio Version 17
VisualStudioVersion = 17.13.35931.197 d17.13
MinimumVisualStudioVersion = 10.0.40219.1
Project("{FAE04EC0-301F-11D3-BF4B-00C04F79EFBC}") = "Pixel-It", "Pixel-It\Pixel-It.csproj", "{B417B1C5-5716-4746-BB0F-7334B51DADC8}"
EndProject
Global
	GlobalSection(SolutionConfigurationPlatforms) = preSolution
		Debug|Any CPU = Debug|Any CPU
		Release|Any CPU = Release|Any CPU
	EndGlobalSection
	GlobalSection(ProjectConfigurationPlatforms) = postSolution
		{B417B1C5-5716-4746-BB0F-7334B51DADC8}.Debug|Any CPU.ActiveCfg = Debug|Any CPU
		{B417B1C5-5716-4746-BB0F-7334B51DADC8}.Debug|Any CPU.Build.0 = Debug|Any CPU
		{B417B1C5-5716-4746-BB0F-7334B51DADC8}.Release|Any CPU.ActiveCfg = Release|Any CPU
		{B417B1C5-5716-4746-BB0F-7334B51DADC8}.Release|Any CPU.Build.0 = Release|Any CPU
	EndGlobalSection
	GlobalSection(SolutionProperties) = preSolution
		HideSolutionNode = FALSE
	EndGlobalSection
	GlobalSection(ExtensibilityGlobals) = postSolution
		SolutionGuid = {6BF760A5-71A1-4FF5-844F-DABAD1C310F9}
	EndGlobalSection
EndGlobal
